
Microsoft Visual Studio Solution File, Format Version 12.00
# Visual Studio Version 17
VisualStudioVersion = 17.8.34112.27
MinimumVisualStudioVersion = 10.0.40219.1
Project("{2150E333-8FDC-42A3-9474-1A3956D46DE8}") = "archive", "archive", "{46FEA2FA-29CF-4D82-AE03-9E7EF4AA1E43}"
EndProject
Project("{2150E333-8FDC-42A3-9474-1A3956D46DE8}") = "01HelloWorld", "01HelloWorld", "{63112BAD-C19D-422B-8A22-A42742C70BA9}"
EndProject
Project("{9A19103F-16F7-4668-BE54-9A1E7A4F7556}") = "HelloWorld", "01HelloWorld\HelloWorld.csproj", "{5AC39E3B-E098-422A-A089-725D1F85656B}"
EndProject
Project("{2150E333-8FDC-42A3-9474-1A3956D46DE8}") = "02PromptFunction", "02PromptFunction", "{33C10166-CF79-4853-B65B-C8DF1BE62D65}"
EndProject
Project("{2150E333-8FDC-42A3-9474-1A3956D46DE8}") = "03PromptYAML", "03PromptYAML", "{D5DD510E-C333-4C23-ADCC-B617F2D4B526}"
EndProject
Project("{9A19103F-16F7-4668-BE54-9A1E7A4F7556}") = "PromptYAMLDemo", "PromptYAMLDemo\PromptYAMLDemo.csproj", "{64A699EB-0930-4853-8F7E-D45356197D61}"
EndProject
Project("{2150E333-8FDC-42A3-9474-1A3956D46DE8}") = "04KernelStreaming", "04KernelStreaming", "{6004F05E-1195-4A8D-901D-2266F6928197}"
EndProject
Project("{2150E333-8FDC-42A3-9474-1A3956D46DE8}") = "05NativePlugin", "05NativePlugin", "{BD4A1D87-1338-47C9-AB09-41B1769D65FD}"
EndProject
Project("{2150E333-8FDC-42A3-9474-1A3956D46DE8}") = "06NativePluginObject", "06NativePluginObject", "{F7BA5CCD-C7CF-4DE4-9315-E4AC6F561DEE}"
EndProject
Project("{9A19103F-16F7-4668-BE54-9A1E7A4F7556}") = "StreamingDemo", "StreamingDemo\StreamingDemo.csproj", "{1B634B0C-EE48-4674-9F34-82E6C1CE5277}"
EndProject
Project("{9A19103F-16F7-4668-BE54-9A1E7A4F7556}") = "NativePlugin", "NativePlugin\NativePlugin.csproj", "{69F4D58F-4416-492C-82EC-3C1FD36694C0}"
EndProject
Project("{9A19103F-16F7-4668-BE54-9A1E7A4F7556}") = "PluginObject", "PluginObject\PluginObject.csproj", "{7058C3BD-E8F8-447B-8A92-F71F480D1C49}"
EndProject
Project("{9A19103F-16F7-4668-BE54-9A1E7A4F7556}") = "PromptFunctionDemo", "PromptFunction\PromptFunctionDemo.csproj", "{5CDBF7B1-66F8-4CAD-99BC-069BBA1CB004}"
EndProject
Project("{2150E333-8FDC-42A3-9474-1A3956D46DE8}") = "07FunctionCalling", "07FunctionCalling", "{2F0A71FD-1D03-4DE5-8863-F7DAD5B94584}"
EndProject
Project("{9A19103F-16F7-4668-BE54-9A1E7A4F7556}") = "FunctionCallingDemo", "FunctionCallingDemo\FunctionCallingDemo.csproj", "{85C1444D-658A-491B-9E5D-D188CD163536}"
EndProject
Project("{2150E333-8FDC-42A3-9474-1A3956D46DE8}") = "09HandleBarsTemplate", "09HandleBarsTemplate", "{64D6EAD8-1EB6-42CC-BCAC-8D44DD2FEC2C}"
EndProject
Project("{9A19103F-16F7-4668-BE54-9A1E7A4F7556}") = "HandleBarsPromptTemplate", "HandleBarsPromptTemplate\HandleBarsPromptTemplate.csproj", "{28D0BC77-E381-471C-89D5-F522C8F52949}"
EndProject
Global
	GlobalSection(SolutionConfigurationPlatforms) = preSolution
		Debug|Any CPU = Debug|Any CPU
		Release|Any CPU = Release|Any CPU
	EndGlobalSection
	GlobalSection(ProjectConfigurationPlatforms) = postSolution
		{5AC39E3B-E098-422A-A089-725D1F85656B}.Debug|Any CPU.ActiveCfg = Debug|Any CPU
		{5AC39E3B-E098-422A-A089-725D1F85656B}.Debug|Any CPU.Build.0 = Debug|Any CPU
		{5AC39E3B-E098-422A-A089-725D1F85656B}.Release|Any CPU.ActiveCfg = Release|Any CPU
		{5AC39E3B-E098-422A-A089-725D1F85656B}.Release|Any CPU.Build.0 = Release|Any CPU
		{64A699EB-0930-4853-8F7E-D45356197D61}.Debug|Any CPU.ActiveCfg = Debug|Any CPU
		{64A699EB-0930-4853-8F7E-D45356197D61}.Debug|Any CPU.Build.0 = Debug|Any CPU
		{64A699EB-0930-4853-8F7E-D45356197D61}.Release|Any CPU.ActiveCfg = Release|Any CPU
		{64A699EB-0930-4853-8F7E-D45356197D61}.Release|Any CPU.Build.0 = Release|Any CPU
		{1B634B0C-EE48-4674-9F34-82E6C1CE5277}.Debug|Any CPU.ActiveCfg = Debug|Any CPU
		{1B634B0C-EE48-4674-9F34-82E6C1CE5277}.Debug|Any CPU.Build.0 = Debug|Any CPU
		{1B634B0C-EE48-4674-9F34-82E6C1CE5277}.Release|Any CPU.ActiveCfg = Release|Any CPU
		{1B634B0C-EE48-4674-9F34-82E6C1CE5277}.Release|Any CPU.Build.0 = Release|Any CPU
		{69F4D58F-4416-492C-82EC-3C1FD36694C0}.Debug|Any CPU.ActiveCfg = Debug|Any CPU
		{69F4D58F-4416-492C-82EC-3C1FD36694C0}.Debug|Any CPU.Build.0 = Debug|Any CPU
		{69F4D58F-4416-492C-82EC-3C1FD36694C0}.Release|Any CPU.ActiveCfg = Release|Any CPU
		{69F4D58F-4416-492C-82EC-3C1FD36694C0}.Release|Any CPU.Build.0 = Release|Any CPU
		{7058C3BD-E8F8-447B-8A92-F71F480D1C49}.Debug|Any CPU.ActiveCfg = Debug|Any CPU
		{7058C3BD-E8F8-447B-8A92-F71F480D1C49}.Debug|Any CPU.Build.0 = Debug|Any CPU
		{7058C3BD-E8F8-447B-8A92-F71F480D1C49}.Release|Any CPU.ActiveCfg = Release|Any CPU
		{7058C3BD-E8F8-447B-8A92-F71F480D1C49}.Release|Any CPU.Build.0 = Release|Any CPU
		{5CDBF7B1-66F8-4CAD-99BC-069BBA1CB004}.Debug|Any CPU.ActiveCfg = Debug|Any CPU
		{5CDBF7B1-66F8-4CAD-99BC-069BBA1CB004}.Debug|Any CPU.Build.0 = Debug|Any CPU
		{5CDBF7B1-66F8-4CAD-99BC-069BBA1CB004}.Release|Any CPU.ActiveCfg = Release|Any CPU
		{5CDBF7B1-66F8-4CAD-99BC-069BBA1CB004}.Release|Any CPU.Build.0 = Release|Any CPU
		{85C1444D-658A-491B-9E5D-D188CD163536}.Debug|Any CPU.ActiveCfg = Debug|Any CPU
		{85C1444D-658A-491B-9E5D-D188CD163536}.Debug|Any CPU.Build.0 = Debug|Any CPU
		{85C1444D-658A-491B-9E5D-D188CD163536}.Release|Any CPU.ActiveCfg = Release|Any CPU
		{85C1444D-658A-491B-9E5D-D188CD163536}.Release|Any CPU.Build.0 = Release|Any CPU
		{28D0BC77-E381-471C-89D5-F522C8F52949}.Debug|Any CPU.ActiveCfg = Debug|Any CPU
		{28D0BC77-E381-471C-89D5-F522C8F52949}.Debug|Any CPU.Build.0 = Debug|Any CPU
		{28D0BC77-E381-471C-89D5-F522C8F52949}.Release|Any CPU.ActiveCfg = Release|Any CPU
		{28D0BC77-E381-471C-89D5-F522C8F52949}.Release|Any CPU.Build.0 = Release|Any CPU
	EndGlobalSection
	GlobalSection(SolutionProperties) = preSolution
		HideSolutionNode = FALSE
	EndGlobalSection
	GlobalSection(NestedProjects) = preSolution
		{5AC39E3B-E098-422A-A089-725D1F85656B} = {63112BAD-C19D-422B-8A22-A42742C70BA9}
		{64A699EB-0930-4853-8F7E-D45356197D61} = {D5DD510E-C333-4C23-ADCC-B617F2D4B526}
		{1B634B0C-EE48-4674-9F34-82E6C1CE5277} = {6004F05E-1195-4A8D-901D-2266F6928197}
		{69F4D58F-4416-492C-82EC-3C1FD36694C0} = {BD4A1D87-1338-47C9-AB09-41B1769D65FD}
		{7058C3BD-E8F8-447B-8A92-F71F480D1C49} = {F7BA5CCD-C7CF-4DE4-9315-E4AC6F561DEE}
		{5CDBF7B1-66F8-4CAD-99BC-069BBA1CB004} = {33C10166-CF79-4853-B65B-C8DF1BE62D65}
		{85C1444D-658A-491B-9E5D-D188CD163536} = {2F0A71FD-1D03-4DE5-8863-F7DAD5B94584}
		{28D0BC77-E381-471C-89D5-F522C8F52949} = {64D6EAD8-1EB6-42CC-BCAC-8D44DD2FEC2C}
	EndGlobalSection
	GlobalSection(ExtensibilityGlobals) = postSolution
		SolutionGuid = {462A7F6A-B6BF-47DC-B781-E2C0D3556ABF}
	EndGlobalSection
EndGlobal
