
Microsoft Visual Studio Solution File, Format Version 12.00
# Visual Studio Version 17
VisualStudioVersion = 17.8.34112.27
MinimumVisualStudioVersion = 10.0.40219.1
Project("{2150E333-8FDC-42A3-9474-1A3956D46DE8}") = "archive", "archive", "{46FEA2FA-29CF-4D82-AE03-9E7EF4AA1E43}"
EndProject
Project("{2150E333-8FDC-42A3-9474-1A3956D46DE8}") = "01HelloWorld", "01HelloWorld", "{63112BAD-C19D-422B-8A22-A42742C70BA9}"
EndProject
Project("{9A19103F-16F7-4668-BE54-9A1E7A4F7556}") = "HelloWorld", "01HelloWorld\HelloWorld.csproj", "{5AC39E3B-E098-422A-A089-725D1F85656B}"
EndProject
Project("{2150E333-8FDC-42A3-9474-1A3956D46DE8}") = "02PromptFunction", "02PromptFunction", "{33C10166-CF79-4853-B65B-C8DF1BE62D65}"
EndProject
Project("{2150E333-8FDC-42A3-9474-1A3956D46DE8}") = "03PromptYAML", "03PromptYAML", "{D5DD510E-C333-4C23-ADCC-B617F2D4B526}"
EndProject
Project("{9A19103F-16F7-4668-BE54-9A1E7A4F7556}") = "PromptYAMLDemo", "PromptYAMLDemo\PromptYAMLDemo.csproj", "{64A699EB-0930-4853-8F7E-D45356197D61}"
EndProject
Project("{2150E333-8FDC-42A3-9474-1A3956D46DE8}") = "04KernelStreaming", "04KernelStreaming", "{6004F05E-1195-4A8D-901D-2266F6928197}"
EndProject
Project("{2150E333-8FDC-42A3-9474-1A3956D46DE8}") = "05NativePlugin", "05NativePlugin", "{BD4A1D87-1338-47C9-AB09-41B1769D65FD}"
EndProject
Project("{2150E333-8FDC-42A3-9474-1A3956D46DE8}") = "06NativePluginObject", "06NativePluginObject", "{F7BA5CCD-C7CF-4DE4-9315-E4AC6F561DEE}"
EndProject
Project("{9A19103F-16F7-4668-BE54-9A1E7A4F7556}") = "StreamingDemo", "StreamingDemo\StreamingDemo.csproj", "{1B634B0C-EE48-4674-9F34-82E6C1CE5277}"
EndProject
Project("{9A19103F-16F7-4668-BE54-9A1E7A4F7556}") = "NativePlugin", "NativePlugin\NativePlugin.csproj", "{69F4D58F-4416-492C-82EC-3C1FD36694C0}"
EndProject
Project("{9A19103F-16F7-4668-BE54-9A1E7A4F7556}") = "PluginObject", "PluginObject\PluginObject.csproj", "{7058C3BD-E8F8-447B-8A92-F71F480D1C49}"
EndProject
Project("{9A19103F-16F7-4668-BE54-9A1E7A4F7556}") = "PromptFunctionDemo", "PromptFunction\PromptFunctionDemo.csproj", "{5CDBF7B1-66F8-4CAD-99BC-069BBA1CB004}"
EndProject
Project("{2150E333-8FDC-42A3-9474-1A3956D46DE8}") = "07FunctionCalling-Manual", "07FunctionCalling-Manual", "{2F0A71FD-1D03-4DE5-8863-F7DAD5B94584}"
EndProject
Project("{2150E333-8FDC-42A3-9474-1A3956D46DE8}") = "08FunctionCalling-Auto", "08FunctionCalling-Auto", "{92B85905-1296-43C6-AA55-1EB712F7392C}"
EndProject
Project("{9A19103F-16F7-4668-BE54-9A1E7A4F7556}") = "AutoFunctionCallingDemo", "AutoFunctionCallingDemo\AutoFunctionCallingDemo.csproj", "{83C48C36-5DAE-4AA9-9F00-BF95D0266F40}"
EndProject
Project("{2150E333-8FDC-42A3-9474-1A3956D46DE8}") = "09HandleBarsTemplate", "09HandleBarsTemplate", "{CAAFCE4F-0F2E-46F8-BBFE-08A3A43306B9}"
EndProject
Project("{9A19103F-16F7-4668-BE54-9A1E7A4F7556}") = "HandleBarsPromptTemplate", "HandleBarsPromptTemplate\HandleBarsPromptTemplate.csproj", "{033A22CB-ADA4-4314-9749-F2A3FDD60B39}"
EndProject
Project("{2150E333-8FDC-42A3-9474-1A3956D46DE8}") = "10DALL-E", "10DALL-E", "{4EA1CFE4-01DB-4F60-9860-87FA571161DD}"
EndProject
Project("{9A19103F-16F7-4668-BE54-9A1E7A4F7556}") = "BotWithSK", "DALL-E\BotWithSK\BotWithSK.csproj", "{C8B7B6B7-F402-4231-9AAE-E2079705568F}"
EndProject
Project("{9A19103F-16F7-4668-BE54-9A1E7A4F7556}") = "SKConnector", "DALL-E\SKConnector\SKConnector.csproj", "{D6A2DA9A-3ADF-42C3-8D3E-C6C813CF1566}"
EndProject
Project("{9A19103F-16F7-4668-BE54-9A1E7A4F7556}") = "FunctionCallingDemo", "FunctionCallingDemo\FunctionCallingDemo.csproj", "{727124FF-841F-408E-961B-F0673587310D}"
EndProject
Project("{2150E333-8FDC-42A3-9474-1A3956D46DE8}") = "11JSONInHandleBarsTemplate", "11JSONInHandleBarsTemplate", "{5C520547-3750-48B8-B918-911049669A68}"
EndProject
Project("{9A19103F-16F7-4668-BE54-9A1E7A4F7556}") = "JSONHandleBarsTemplate", "JSONHandleBarsTemplate\JSONHandleBarsTemplate.csproj", "{B46E6640-F554-4664-B873-9167DB47A290}"
EndProject
Project("{2150E333-8FDC-42A3-9474-1A3956D46DE8}") = "12FunctionCallingStepwise", "12FunctionCallingStepwise", "{5FF04E87-5EB8-428D-B3C4-CABB0BD18E5B}"
EndProject
Project("{9A19103F-16F7-4668-BE54-9A1E7A4F7556}") = "FunctionCallingStepwiseDemo", "FunctionCallingStepwiseDemo\FunctionCallingStepwiseDemo.csproj", "{0ECE212B-6855-4EF6-B297-EE61DD518238}"
EndProject
Project("{2150E333-8FDC-42A3-9474-1A3956D46DE8}") = "13HandlebarsPlanner", "13HandlebarsPlanner", "{8ADA96B4-E7F2-458D-BC52-DAC325FBC549}"
EndProject
Project("{9A19103F-16F7-4668-BE54-9A1E7A4F7556}") = "HandlebarsPlannerDemo", "HandlebarsPlannerDemo\HandlebarsPlannerDemo.csproj", "{3A18105A-2015-4729-9EDA-77E3D32528F6}"
EndProject
Project("{2150E333-8FDC-42A3-9474-1A3956D46DE8}") = "14HandlebarsPlanner-Save", "14HandlebarsPlanner-Save", "{8F2F6C4C-D166-44A4-AE89-877DB67F8171}"
EndProject
Project("{9A19103F-16F7-4668-BE54-9A1E7A4F7556}") = "HandleBarsPlannerSaveDemo", "HandleBarsPlannerSaveDemo\HandleBarsPlannerSaveDemo.csproj", "{77FC9A89-9431-4762-8FD7-F75D8475F53E}"
EndProject
Project("{2150E333-8FDC-42A3-9474-1A3956D46DE8}") = "15KernelHooks", "15KernelHooks", "{8C083CC6-F251-4D9C-97F7-EA6861FB8AD4}"
EndProject
Project("{9A19103F-16F7-4668-BE54-9A1E7A4F7556}") = "KernelHooksDemo", "KernelHooksDemo\KernelHooksDemo.csproj", "{0E0457F1-E884-45CE-ABB9-1DFDF81AAFE0}"
EndProject
Project("{2150E333-8FDC-42A3-9474-1A3956D46DE8}") = "16BingMapPlugin", "16BingMapPlugin", "{C24C0E8B-0A79-4C58-8D3B-8F75BFB340D6}"
EndProject
Project("{9A19103F-16F7-4668-BE54-9A1E7A4F7556}") = "BingMapPluginDemo", "BingMapPluginDemo\BingMapPluginDemo.csproj", "{94FD690C-BAAB-47A3-B210-0C0E2C0FE282}"
EndProject
Project("{2150E333-8FDC-42A3-9474-1A3956D46DE8}") = "17BuildTinyCopilot", "17BuildTinyCopilot", "{A54F1F26-4E03-447C-BE40-7715DD438486}"
EndProject
Project("{9A19103F-16F7-4668-BE54-9A1E7A4F7556}") = "TinyCopilot", "TinyCopilot\TinyCopilot.csproj", "{C7CF1E25-B102-4CD9-86A1-84CE6F8A7F03}"
EndProject
Project("{2150E333-8FDC-42A3-9474-1A3956D46DE8}") = "18TinyCopilotGPT4Vision", "18TinyCopilotGPT4Vision", "{138A9D6A-2088-4377-B145-03569E8F733B}"
EndProject
Project("{9A19103F-16F7-4668-BE54-9A1E7A4F7556}") = "TinyCopilotGPT4VisionDemo", "TinyCopilotGPT4VisionDemo\TinyCopilotGPT4VisionDemo.csproj", "{8698F336-5E88-4C84-A5DB-797F8FEAE15C}"
EndProject
Project("{2150E333-8FDC-42A3-9474-1A3956D46DE8}") = "19KernelMemory", "19KernelMemory", "{CDD76653-CDA9-4C8C-A3F9-8E67C2011471}"
EndProject
Project("{9A19103F-16F7-4668-BE54-9A1E7A4F7556}") = "MemoryServerlessDemo", "MemoryServerlessDemo\MemoryServerlessDemo.csproj", "{D0F9369A-7F02-4DF9-B1D8-1C60FBAFACBC}"
EndProject
Project("{2150E333-8FDC-42A3-9474-1A3956D46DE8}") = "20CustomLLMYouTube", "20CustomLLMYouTube", "{EB23E374-C9C2-48DF-9716-D584FC666DBB}"
EndProject
Project("{9A19103F-16F7-4668-BE54-9A1E7A4F7556}") = "CustomLLMYoutubeDemo", "CustomLLMYoutubeDemo\CustomLLMYoutubeDemo.csproj", "{0E8CEF03-5630-447C-9600-838746E39325}"
EndProject
Project("{2150E333-8FDC-42A3-9474-1A3956D46DE8}") = "21CustomLLMYouTube-Streaming", "21CustomLLMYouTube-Streaming", "{7E20E71B-EB07-42E5-A7CE-FC6B671323FB}"
EndProject
Project("{9A19103F-16F7-4668-BE54-9A1E7A4F7556}") = "CustomLLMYoutubeStreamingDemo", "CustomLLMYoutubeStreamingDemo\CustomLLMYoutubeStreamingDemo.csproj", "{567DE134-0F7E-4D33-A66E-3213024C2112}"
EndProject
Project("{2150E333-8FDC-42A3-9474-1A3956D46DE8}") = "23Local-LLM-Demo", "23Local-LLM-Demo", "{505B7316-5AF6-46E3-AB34-197DD7E8079C}"
EndProject
Project("{9A19103F-16F7-4668-BE54-9A1E7A4F7556}") = "LocalLLMDemo", "LocalLLMDemo\LocalLLMDemo.csproj", "{3C7811CA-CC3B-4E6C-ACA6-7654B80DF95B}"
EndProject
Project("{2150E333-8FDC-42A3-9474-1A3956D46DE8}") = "22KenelFunctionFactory", "22KenelFunctionFactory", "{C8EDEA3B-67EC-40DF-AF49-2BE59938A430}"
EndProject
Project("{9A19103F-16F7-4668-BE54-9A1E7A4F7556}") = "KernelFunctionFactoryDemo", "KernelFunctionFactoryDemo\KernelFunctionFactoryDemo.csproj", "{679B8869-482F-4E3B-A68B-D34D92EFBC35}"
EndProject
Global
	GlobalSection(SolutionConfigurationPlatforms) = preSolution
		Debug|Any CPU = Debug|Any CPU
		Release|Any CPU = Release|Any CPU
	EndGlobalSection
	GlobalSection(ProjectConfigurationPlatforms) = postSolution
		{5AC39E3B-E098-422A-A089-725D1F85656B}.Debug|Any CPU.ActiveCfg = Debug|Any CPU
		{5AC39E3B-E098-422A-A089-725D1F85656B}.Debug|Any CPU.Build.0 = Debug|Any CPU
		{5AC39E3B-E098-422A-A089-725D1F85656B}.Release|Any CPU.ActiveCfg = Release|Any CPU
		{5AC39E3B-E098-422A-A089-725D1F85656B}.Release|Any CPU.Build.0 = Release|Any CPU
		{64A699EB-0930-4853-8F7E-D45356197D61}.Debug|Any CPU.ActiveCfg = Debug|Any CPU
		{64A699EB-0930-4853-8F7E-D45356197D61}.Debug|Any CPU.Build.0 = Debug|Any CPU
		{64A699EB-0930-4853-8F7E-D45356197D61}.Release|Any CPU.ActiveCfg = Release|Any CPU
		{64A699EB-0930-4853-8F7E-D45356197D61}.Release|Any CPU.Build.0 = Release|Any CPU
		{1B634B0C-EE48-4674-9F34-82E6C1CE5277}.Debug|Any CPU.ActiveCfg = Debug|Any CPU
		{1B634B0C-EE48-4674-9F34-82E6C1CE5277}.Debug|Any CPU.Build.0 = Debug|Any CPU
		{1B634B0C-EE48-4674-9F34-82E6C1CE5277}.Release|Any CPU.ActiveCfg = Release|Any CPU
		{1B634B0C-EE48-4674-9F34-82E6C1CE5277}.Release|Any CPU.Build.0 = Release|Any CPU
		{69F4D58F-4416-492C-82EC-3C1FD36694C0}.Debug|Any CPU.ActiveCfg = Debug|Any CPU
		{69F4D58F-4416-492C-82EC-3C1FD36694C0}.Debug|Any CPU.Build.0 = Debug|Any CPU
		{69F4D58F-4416-492C-82EC-3C1FD36694C0}.Release|Any CPU.ActiveCfg = Release|Any CPU
		{69F4D58F-4416-492C-82EC-3C1FD36694C0}.Release|Any CPU.Build.0 = Release|Any CPU
		{7058C3BD-E8F8-447B-8A92-F71F480D1C49}.Debug|Any CPU.ActiveCfg = Debug|Any CPU
		{7058C3BD-E8F8-447B-8A92-F71F480D1C49}.Debug|Any CPU.Build.0 = Debug|Any CPU
		{7058C3BD-E8F8-447B-8A92-F71F480D1C49}.Release|Any CPU.ActiveCfg = Release|Any CPU
		{7058C3BD-E8F8-447B-8A92-F71F480D1C49}.Release|Any CPU.Build.0 = Release|Any CPU
		{5CDBF7B1-66F8-4CAD-99BC-069BBA1CB004}.Debug|Any CPU.ActiveCfg = Debug|Any CPU
		{5CDBF7B1-66F8-4CAD-99BC-069BBA1CB004}.Debug|Any CPU.Build.0 = Debug|Any CPU
		{5CDBF7B1-66F8-4CAD-99BC-069BBA1CB004}.Release|Any CPU.ActiveCfg = Release|Any CPU
		{5CDBF7B1-66F8-4CAD-99BC-069BBA1CB004}.Release|Any CPU.Build.0 = Release|Any CPU
		{83C48C36-5DAE-4AA9-9F00-BF95D0266F40}.Debug|Any CPU.ActiveCfg = Debug|Any CPU
		{83C48C36-5DAE-4AA9-9F00-BF95D0266F40}.Debug|Any CPU.Build.0 = Debug|Any CPU
		{83C48C36-5DAE-4AA9-9F00-BF95D0266F40}.Release|Any CPU.ActiveCfg = Release|Any CPU
		{83C48C36-5DAE-4AA9-9F00-BF95D0266F40}.Release|Any CPU.Build.0 = Release|Any CPU
		{033A22CB-ADA4-4314-9749-F2A3FDD60B39}.Debug|Any CPU.ActiveCfg = Debug|Any CPU
		{033A22CB-ADA4-4314-9749-F2A3FDD60B39}.Debug|Any CPU.Build.0 = Debug|Any CPU
		{033A22CB-ADA4-4314-9749-F2A3FDD60B39}.Release|Any CPU.ActiveCfg = Release|Any CPU
		{033A22CB-ADA4-4314-9749-F2A3FDD60B39}.Release|Any CPU.Build.0 = Release|Any CPU
		{C8B7B6B7-F402-4231-9AAE-E2079705568F}.Debug|Any CPU.ActiveCfg = Debug|Any CPU
		{C8B7B6B7-F402-4231-9AAE-E2079705568F}.Debug|Any CPU.Build.0 = Debug|Any CPU
		{C8B7B6B7-F402-4231-9AAE-E2079705568F}.Release|Any CPU.ActiveCfg = Release|Any CPU
		{C8B7B6B7-F402-4231-9AAE-E2079705568F}.Release|Any CPU.Build.0 = Release|Any CPU
		{D6A2DA9A-3ADF-42C3-8D3E-C6C813CF1566}.Debug|Any CPU.ActiveCfg = Debug|Any CPU
		{D6A2DA9A-3ADF-42C3-8D3E-C6C813CF1566}.Debug|Any CPU.Build.0 = Debug|Any CPU
		{D6A2DA9A-3ADF-42C3-8D3E-C6C813CF1566}.Release|Any CPU.ActiveCfg = Release|Any CPU
		{D6A2DA9A-3ADF-42C3-8D3E-C6C813CF1566}.Release|Any CPU.Build.0 = Release|Any CPU
		{727124FF-841F-408E-961B-F0673587310D}.Debug|Any CPU.ActiveCfg = Debug|Any CPU
		{727124FF-841F-408E-961B-F0673587310D}.Debug|Any CPU.Build.0 = Debug|Any CPU
		{727124FF-841F-408E-961B-F0673587310D}.Release|Any CPU.ActiveCfg = Release|Any CPU
		{727124FF-841F-408E-961B-F0673587310D}.Release|Any CPU.Build.0 = Release|Any CPU
		{B46E6640-F554-4664-B873-9167DB47A290}.Debug|Any CPU.ActiveCfg = Debug|Any CPU
		{B46E6640-F554-4664-B873-9167DB47A290}.Debug|Any CPU.Build.0 = Debug|Any CPU
		{B46E6640-F554-4664-B873-9167DB47A290}.Release|Any CPU.ActiveCfg = Release|Any CPU
		{B46E6640-F554-4664-B873-9167DB47A290}.Release|Any CPU.Build.0 = Release|Any CPU
		{0ECE212B-6855-4EF6-B297-EE61DD518238}.Debug|Any CPU.ActiveCfg = Debug|Any CPU
		{0ECE212B-6855-4EF6-B297-EE61DD518238}.Debug|Any CPU.Build.0 = Debug|Any CPU
		{0ECE212B-6855-4EF6-B297-EE61DD518238}.Release|Any CPU.ActiveCfg = Release|Any CPU
		{0ECE212B-6855-4EF6-B297-EE61DD518238}.Release|Any CPU.Build.0 = Release|Any CPU
		{3A18105A-2015-4729-9EDA-77E3D32528F6}.Debug|Any CPU.ActiveCfg = Debug|Any CPU
		{3A18105A-2015-4729-9EDA-77E3D32528F6}.Debug|Any CPU.Build.0 = Debug|Any CPU
		{3A18105A-2015-4729-9EDA-77E3D32528F6}.Release|Any CPU.ActiveCfg = Release|Any CPU
		{3A18105A-2015-4729-9EDA-77E3D32528F6}.Release|Any CPU.Build.0 = Release|Any CPU
		{77FC9A89-9431-4762-8FD7-F75D8475F53E}.Debug|Any CPU.ActiveCfg = Debug|Any CPU
		{77FC9A89-9431-4762-8FD7-F75D8475F53E}.Debug|Any CPU.Build.0 = Debug|Any CPU
		{77FC9A89-9431-4762-8FD7-F75D8475F53E}.Release|Any CPU.ActiveCfg = Release|Any CPU
		{77FC9A89-9431-4762-8FD7-F75D8475F53E}.Release|Any CPU.Build.0 = Release|Any CPU
		{0E0457F1-E884-45CE-ABB9-1DFDF81AAFE0}.Debug|Any CPU.ActiveCfg = Debug|Any CPU
		{0E0457F1-E884-45CE-ABB9-1DFDF81AAFE0}.Debug|Any CPU.Build.0 = Debug|Any CPU
		{0E0457F1-E884-45CE-ABB9-1DFDF81AAFE0}.Release|Any CPU.ActiveCfg = Release|Any CPU
		{0E0457F1-E884-45CE-ABB9-1DFDF81AAFE0}.Release|Any CPU.Build.0 = Release|Any CPU
		{94FD690C-BAAB-47A3-B210-0C0E2C0FE282}.Debug|Any CPU.ActiveCfg = Debug|Any CPU
		{94FD690C-BAAB-47A3-B210-0C0E2C0FE282}.Debug|Any CPU.Build.0 = Debug|Any CPU
		{94FD690C-BAAB-47A3-B210-0C0E2C0FE282}.Release|Any CPU.ActiveCfg = Release|Any CPU
		{94FD690C-BAAB-47A3-B210-0C0E2C0FE282}.Release|Any CPU.Build.0 = Release|Any CPU
		{C7CF1E25-B102-4CD9-86A1-84CE6F8A7F03}.Debug|Any CPU.ActiveCfg = Debug|Any CPU
		{C7CF1E25-B102-4CD9-86A1-84CE6F8A7F03}.Debug|Any CPU.Build.0 = Debug|Any CPU
		{C7CF1E25-B102-4CD9-86A1-84CE6F8A7F03}.Release|Any CPU.ActiveCfg = Release|Any CPU
		{C7CF1E25-B102-4CD9-86A1-84CE6F8A7F03}.Release|Any CPU.Build.0 = Release|Any CPU
		{8698F336-5E88-4C84-A5DB-797F8FEAE15C}.Debug|Any CPU.ActiveCfg = Debug|Any CPU
		{8698F336-5E88-4C84-A5DB-797F8FEAE15C}.Debug|Any CPU.Build.0 = Debug|Any CPU
		{8698F336-5E88-4C84-A5DB-797F8FEAE15C}.Release|Any CPU.ActiveCfg = Release|Any CPU
		{8698F336-5E88-4C84-A5DB-797F8FEAE15C}.Release|Any CPU.Build.0 = Release|Any CPU
		{D0F9369A-7F02-4DF9-B1D8-1C60FBAFACBC}.Debug|Any CPU.ActiveCfg = Debug|Any CPU
		{D0F9369A-7F02-4DF9-B1D8-1C60FBAFACBC}.Debug|Any CPU.Build.0 = Debug|Any CPU
		{D0F9369A-7F02-4DF9-B1D8-1C60FBAFACBC}.Release|Any CPU.ActiveCfg = Release|Any CPU
		{D0F9369A-7F02-4DF9-B1D8-1C60FBAFACBC}.Release|Any CPU.Build.0 = Release|Any CPU
		{0E8CEF03-5630-447C-9600-838746E39325}.Debug|Any CPU.ActiveCfg = Debug|Any CPU
		{0E8CEF03-5630-447C-9600-838746E39325}.Debug|Any CPU.Build.0 = Debug|Any CPU
		{0E8CEF03-5630-447C-9600-838746E39325}.Release|Any CPU.ActiveCfg = Release|Any CPU
		{0E8CEF03-5630-447C-9600-838746E39325}.Release|Any CPU.Build.0 = Release|Any CPU
		{567DE134-0F7E-4D33-A66E-3213024C2112}.Debug|Any CPU.ActiveCfg = Debug|Any CPU
		{567DE134-0F7E-4D33-A66E-3213024C2112}.Debug|Any CPU.Build.0 = Debug|Any CPU
		{567DE134-0F7E-4D33-A66E-3213024C2112}.Release|Any CPU.ActiveCfg = Release|Any CPU
		{567DE134-0F7E-4D33-A66E-3213024C2112}.Release|Any CPU.Build.0 = Release|Any CPU
		{3C7811CA-CC3B-4E6C-ACA6-7654B80DF95B}.Debug|Any CPU.ActiveCfg = Debug|Any CPU
		{3C7811CA-CC3B-4E6C-ACA6-7654B80DF95B}.Debug|Any CPU.Build.0 = Debug|Any CPU
		{3C7811CA-CC3B-4E6C-ACA6-7654B80DF95B}.Release|Any CPU.ActiveCfg = Release|Any CPU
		{3C7811CA-CC3B-4E6C-ACA6-7654B80DF95B}.Release|Any CPU.Build.0 = Release|Any CPU
		{679B8869-482F-4E3B-A68B-D34D92EFBC35}.Debug|Any CPU.ActiveCfg = Debug|Any CPU
		{679B8869-482F-4E3B-A68B-D34D92EFBC35}.Debug|Any CPU.Build.0 = Debug|Any CPU
		{679B8869-482F-4E3B-A68B-D34D92EFBC35}.Release|Any CPU.ActiveCfg = Release|Any CPU
		{679B8869-482F-4E3B-A68B-D34D92EFBC35}.Release|Any CPU.Build.0 = Release|Any CPU
	EndGlobalSection
	GlobalSection(SolutionProperties) = preSolution
		HideSolutionNode = FALSE
	EndGlobalSection
	GlobalSection(NestedProjects) = preSolution
		{5AC39E3B-E098-422A-A089-725D1F85656B} = {63112BAD-C19D-422B-8A22-A42742C70BA9}
		{64A699EB-0930-4853-8F7E-D45356197D61} = {D5DD510E-C333-4C23-ADCC-B617F2D4B526}
		{1B634B0C-EE48-4674-9F34-82E6C1CE5277} = {6004F05E-1195-4A8D-901D-2266F6928197}
		{69F4D58F-4416-492C-82EC-3C1FD36694C0} = {BD4A1D87-1338-47C9-AB09-41B1769D65FD}
		{7058C3BD-E8F8-447B-8A92-F71F480D1C49} = {F7BA5CCD-C7CF-4DE4-9315-E4AC6F561DEE}
		{5CDBF7B1-66F8-4CAD-99BC-069BBA1CB004} = {33C10166-CF79-4853-B65B-C8DF1BE62D65}
		{83C48C36-5DAE-4AA9-9F00-BF95D0266F40} = {92B85905-1296-43C6-AA55-1EB712F7392C}
		{033A22CB-ADA4-4314-9749-F2A3FDD60B39} = {CAAFCE4F-0F2E-46F8-BBFE-08A3A43306B9}
		{C8B7B6B7-F402-4231-9AAE-E2079705568F} = {4EA1CFE4-01DB-4F60-9860-87FA571161DD}
		{D6A2DA9A-3ADF-42C3-8D3E-C6C813CF1566} = {4EA1CFE4-01DB-4F60-9860-87FA571161DD}
		{727124FF-841F-408E-961B-F0673587310D} = {2F0A71FD-1D03-4DE5-8863-F7DAD5B94584}
		{B46E6640-F554-4664-B873-9167DB47A290} = {5C520547-3750-48B8-B918-911049669A68}
		{0ECE212B-6855-4EF6-B297-EE61DD518238} = {5FF04E87-5EB8-428D-B3C4-CABB0BD18E5B}
		{3A18105A-2015-4729-9EDA-77E3D32528F6} = {8ADA96B4-E7F2-458D-BC52-DAC325FBC549}
		{77FC9A89-9431-4762-8FD7-F75D8475F53E} = {8F2F6C4C-D166-44A4-AE89-877DB67F8171}
		{0E0457F1-E884-45CE-ABB9-1DFDF81AAFE0} = {8C083CC6-F251-4D9C-97F7-EA6861FB8AD4}
		{94FD690C-BAAB-47A3-B210-0C0E2C0FE282} = {C24C0E8B-0A79-4C58-8D3B-8F75BFB340D6}
		{C7CF1E25-B102-4CD9-86A1-84CE6F8A7F03} = {A54F1F26-4E03-447C-BE40-7715DD438486}
		{8698F336-5E88-4C84-A5DB-797F8FEAE15C} = {138A9D6A-2088-4377-B145-03569E8F733B}
		{D0F9369A-7F02-4DF9-B1D8-1C60FBAFACBC} = {CDD76653-CDA9-4C8C-A3F9-8E67C2011471}
		{0E8CEF03-5630-447C-9600-838746E39325} = {EB23E374-C9C2-48DF-9716-D584FC666DBB}
		{567DE134-0F7E-4D33-A66E-3213024C2112} = {7E20E71B-EB07-42E5-A7CE-FC6B671323FB}
		{3C7811CA-CC3B-4E6C-ACA6-7654B80DF95B} = {505B7316-5AF6-46E3-AB34-197DD7E8079C}
		{679B8869-482F-4E3B-A68B-D34D92EFBC35} = {C8EDEA3B-67EC-40DF-AF49-2BE59938A430}
	EndGlobalSection
	GlobalSection(ExtensibilityGlobals) = postSolution
		SolutionGuid = {462A7F6A-B6BF-47DC-B781-E2C0D3556ABF}
	EndGlobalSection
EndGlobal
