
Microsoft Visual Studio Solution File, Format Version 12.00
# Visual Studio Version 17
VisualStudioVersion = 17.5.002.0
MinimumVisualStudioVersion = 10.0.40219.1
Project("{9A19103F-16F7-4668-BE54-9A1E7A4F7556}") = "sk-csharp-hello-world", "sk-csharp-hello-world.csproj", "{761C7B42-426C-4FF7-B16D-43269130287D}"
EndProject
Global
	GlobalSection(SolutionConfigurationPlatforms) = preSolution
		Debug|Any CPU = Debug|Any CPU
		Release|Any CPU = Release|Any CPU
	EndGlobalSection
	GlobalSection(ProjectConfigurationPlatforms) = postSolution
		{761C7B42-426C-4FF7-B16D-43269130287D}.Debug|Any CPU.ActiveCfg = Debug|Any CPU
		{761C7B42-426C-4FF7-B16D-43269130287D}.Debug|Any CPU.Build.0 = Debug|Any CPU
		{761C7B42-426C-4FF7-B16D-43269130287D}.Release|Any CPU.ActiveCfg = Release|Any CPU
		{761C7B42-426C-4FF7-B16D-43269130287D}.Release|Any CPU.Build.0 = Release|Any CPU
	EndGlobalSection
	GlobalSection(SolutionProperties) = preSolution
		HideSolutionNode = FALSE
	EndGlobalSection
	GlobalSection(ExtensibilityGlobals) = postSolution
		SolutionGuid = {51C8D419-1CDE-4F79-82A7-5204AC6C88F3}
	EndGlobalSection
EndGlobal
