
Microsoft Visual Studio Solution File, Format Version 12.00
# Visual Studio Version 17
VisualStudioVersion = 17.8.34212.112
MinimumVisualStudioVersion = 10.0.40219.1
Project("{9A19103F-16F7-4668-BE54-9A1E7A4F7556}") = "TemplateBot", "TemplateBot.csproj", "{845583D7-4D70-4CEE-8BE1-3336C010476F}"
EndProject
Global
	GlobalSection(SolutionConfigurationPlatforms) = preSolution
		Debug|Any CPU = Debug|Any CPU
		Release|Any CPU = Release|Any CPU
	EndGlobalSection
	GlobalSection(ProjectConfigurationPlatforms) = postSolution
		{845583D7-4D70-4CEE-8BE1-3336C010476F}.Debug|Any CPU.ActiveCfg = Debug|Any CPU
		{845583D7-4D70-4CEE-8BE1-3336C010476F}.Debug|Any CPU.Build.0 = Debug|Any CPU
		{845583D7-4D70-4CEE-8BE1-3336C010476F}.Release|Any CPU.ActiveCfg = Release|Any CPU
		{845583D7-4D70-4CEE-8BE1-3336C010476F}.Release|Any CPU.Build.0 = Release|Any CPU
	EndGlobalSection
	GlobalSection(SolutionProperties) = preSolution
		HideSolutionNode = FALSE
	EndGlobalSection
	GlobalSection(ExtensibilityGlobals) = postSolution
		SolutionGuid = {49BF7C35-C0A1-495D-84F6-FB78ED1EB548}
	EndGlobalSection
EndGlobal
