
Microsoft Visual Studio Solution File, Format Version 12.00
# Visual Studio Version 17
VisualStudioVersion = 17.7.33927.210
MinimumVisualStudioVersion = 10.0.40219.1
Project("{FAE04EC0-301F-11D3-BF4B-00C04F79EFBC}") = "SKWeatherPlugin", "SKWeatherPlugin.csproj", "{5E8FFBB7-9AC7-4B02-8F1C-77B0E44A6964}"
EndProject
Global
	GlobalSection(SolutionConfigurationPlatforms) = preSolution
		Debug|Any CPU = Debug|Any CPU
		Release|Any CPU = Release|Any CPU
	EndGlobalSection
	GlobalSection(ProjectConfigurationPlatforms) = postSolution
		{5E8FFBB7-9AC7-4B02-8F1C-77B0E44A6964}.Debug|Any CPU.ActiveCfg = Debug|Any CPU
		{5E8FFBB7-9AC7-4B02-8F1C-77B0E44A6964}.Debug|Any CPU.Build.0 = Debug|Any CPU
		{5E8FFBB7-9AC7-4B02-8F1C-77B0E44A6964}.Release|Any CPU.ActiveCfg = Release|Any CPU
		{5E8FFBB7-9AC7-4B02-8F1C-77B0E44A6964}.Release|Any CPU.Build.0 = Release|Any CPU
	EndGlobalSection
	GlobalSection(SolutionProperties) = preSolution
		HideSolutionNode = FALSE
	EndGlobalSection
	GlobalSection(ExtensibilityGlobals) = postSolution
		SolutionGuid = {FB51F84B-8D38-4ACE-B082-8240F9D54123}
	EndGlobalSection
EndGlobal
