
Microsoft Visual Studio Solution File, Format Version 12.00
# Visual Studio Version 17
VisualStudioVersion = 17.14.36017.23
MinimumVisualStudioVersion = 10.0.40219.1
Project("{2150E333-8FDC-42A3-9474-1A3956D46DE8}") = "MCP", "MCP", "{4D52153A-127D-40E9-89E7-15644915A9EF}"
EndProject
Project("{2150E333-8FDC-42A3-9474-1A3956D46DE8}") = "LocalMCPWithSKClient", "LocalMCPWithSKClient", "{29E6DBB5-4445-48AD-A681-E04E3F957B9B}"
EndProject
Project("{2150E333-8FDC-42A3-9474-1A3956D46DE8}") = "LocalMCPServer", "LocalMCPServer", "{A5BBB2C4-0F2E-4AF2-BCA6-C7639598E6AF}"
EndProject
Project("{FAE04EC0-301F-11D3-BF4B-00C04F79EFBC}") = "LocalMCPServer", "MCP\LocalMCPWithSKClient\LocalMCPServer\LocalMCPServer.csproj", "{7283FE9A-F444-4745-9161-708B805B32EA}"
EndProject
Project("{2150E333-8FDC-42A3-9474-1A3956D46DE8}") = "SKMCPClient", "SKMCPClient", "{476CCC1E-FDB2-4087-86CE-F07EF08AD6D9}"
EndProject
Project("{FAE04EC0-301F-11D3-BF4B-00C04F79EFBC}") = "SKMCPClient", "MCP\LocalMCPWithSKClient\SKMCPClient\SKMCPClient.csproj", "{F9D5505A-BD14-47FD-B4D6-176E06C91FA4}"
EndProject
Project("{2150E333-8FDC-42A3-9474-1A3956D46DE8}") = "SKPluginInMCPServer", "SKPluginInMCPServer", "{B9D23641-1D1A-4CA3-B36B-47C56321B8D9}"
EndProject
Project("{FAE04EC0-301F-11D3-BF4B-00C04F79EFBC}") = "MCPServerSKPlugins", "MCP\SKPluginInMCPServer\MCPServerSKPlugins\MCPServerSKPlugins.csproj", "{22D89E81-EF65-46E0-8047-136F24E47347}"
EndProject
Project("{2150E333-8FDC-42A3-9474-1A3956D46DE8}") = "AgentOrchestration", "AgentOrchestration", "{02EA681E-C7D8-13C7-8484-4AC65E1B71E8}"
EndProject
Project("{FAE04EC0-301F-11D3-BF4B-00C04F79EFBC}") = "SequentialPattern", "SequentialPattern\SequentialPattern.csproj", "{A14C029E-5D53-49D6-B22C-ADC1BCA55D7B}"
EndProject
Project("{FAE04EC0-301F-11D3-BF4B-00C04F79EFBC}") = "ExtensionsLibrary", "PluginsLibrary\ExtensionsLibrary.csproj", "{72C7ACBB-B7AE-4F53-9E31-2F20807D3F63}"
EndProject
Project("{FAE04EC0-301F-11D3-BF4B-00C04F79EFBC}") = "MCPClient", "MCP\SKPluginInMCPServer\MCPClient\MCPClient.csproj", "{13291765-78A7-4FF1-873F-CED60409DB6C}"
EndProject
Project("{FAE04EC0-301F-11D3-BF4B-00C04F79EFBC}") = "GroupPattern", "GroupPattern\GroupPattern.csproj", "{468927C1-B1D2-4435-BE5D-4BFC442375AC}"
EndProject
Project("{FAE04EC0-301F-11D3-BF4B-00C04F79EFBC}") = "LLMModelFactory", "ModelFactory\LLMModelFactory.csproj", "{4CCFF7C7-5977-C953-83E0-13B4E2C8EBF2}"
EndProject
Global
	GlobalSection(SolutionConfigurationPlatforms) = preSolution
		Debug|Any CPU = Debug|Any CPU
		Release|Any CPU = Release|Any CPU
	EndGlobalSection
	GlobalSection(ProjectConfigurationPlatforms) = postSolution
		{7283FE9A-F444-4745-9161-708B805B32EA}.Debug|Any CPU.ActiveCfg = Debug|Any CPU
		{7283FE9A-F444-4745-9161-708B805B32EA}.Debug|Any CPU.Build.0 = Debug|Any CPU
		{7283FE9A-F444-4745-9161-708B805B32EA}.Release|Any CPU.ActiveCfg = Release|Any CPU
		{7283FE9A-F444-4745-9161-708B805B32EA}.Release|Any CPU.Build.0 = Release|Any CPU
		{F9D5505A-BD14-47FD-B4D6-176E06C91FA4}.Debug|Any CPU.ActiveCfg = Debug|Any CPU
		{F9D5505A-BD14-47FD-B4D6-176E06C91FA4}.Debug|Any CPU.Build.0 = Debug|Any CPU
		{F9D5505A-BD14-47FD-B4D6-176E06C91FA4}.Release|Any CPU.ActiveCfg = Release|Any CPU
		{F9D5505A-BD14-47FD-B4D6-176E06C91FA4}.Release|Any CPU.Build.0 = Release|Any CPU
		{22D89E81-EF65-46E0-8047-136F24E47347}.Debug|Any CPU.ActiveCfg = Debug|Any CPU
		{22D89E81-EF65-46E0-8047-136F24E47347}.Debug|Any CPU.Build.0 = Debug|Any CPU
		{22D89E81-EF65-46E0-8047-136F24E47347}.Release|Any CPU.ActiveCfg = Release|Any CPU
		{22D89E81-EF65-46E0-8047-136F24E47347}.Release|Any CPU.Build.0 = Release|Any CPU
		{A14C029E-5D53-49D6-B22C-ADC1BCA55D7B}.Debug|Any CPU.ActiveCfg = Debug|Any CPU
		{A14C029E-5D53-49D6-B22C-ADC1BCA55D7B}.Debug|Any CPU.Build.0 = Debug|Any CPU
		{A14C029E-5D53-49D6-B22C-ADC1BCA55D7B}.Release|Any CPU.ActiveCfg = Release|Any CPU
		{A14C029E-5D53-49D6-B22C-ADC1BCA55D7B}.Release|Any CPU.Build.0 = Release|Any CPU
		{72C7ACBB-B7AE-4F53-9E31-2F20807D3F63}.Debug|Any CPU.ActiveCfg = Debug|Any CPU
		{72C7ACBB-B7AE-4F53-9E31-2F20807D3F63}.Debug|Any CPU.Build.0 = Debug|Any CPU
		{72C7ACBB-B7AE-4F53-9E31-2F20807D3F63}.Release|Any CPU.ActiveCfg = Release|Any CPU
		{72C7ACBB-B7AE-4F53-9E31-2F20807D3F63}.Release|Any CPU.Build.0 = Release|Any CPU
		{13291765-78A7-4FF1-873F-CED60409DB6C}.Debug|Any CPU.ActiveCfg = Debug|Any CPU
		{13291765-78A7-4FF1-873F-CED60409DB6C}.Debug|Any CPU.Build.0 = Debug|Any CPU
		{13291765-78A7-4FF1-873F-CED60409DB6C}.Release|Any CPU.ActiveCfg = Release|Any CPU
		{13291765-78A7-4FF1-873F-CED60409DB6C}.Release|Any CPU.Build.0 = Release|Any CPU
		{468927C1-B1D2-4435-BE5D-4BFC442375AC}.Debug|Any CPU.ActiveCfg = Debug|Any CPU
		{468927C1-B1D2-4435-BE5D-4BFC442375AC}.Debug|Any CPU.Build.0 = Debug|Any CPU
		{468927C1-B1D2-4435-BE5D-4BFC442375AC}.Release|Any CPU.ActiveCfg = Release|Any CPU
		{468927C1-B1D2-4435-BE5D-4BFC442375AC}.Release|Any CPU.Build.0 = Release|Any CPU
		{4CCFF7C7-5977-C953-83E0-13B4E2C8EBF2}.Debug|Any CPU.ActiveCfg = Debug|Any CPU
		{4CCFF7C7-5977-C953-83E0-13B4E2C8EBF2}.Debug|Any CPU.Build.0 = Debug|Any CPU
		{4CCFF7C7-5977-C953-83E0-13B4E2C8EBF2}.Release|Any CPU.ActiveCfg = Release|Any CPU
		{4CCFF7C7-5977-C953-83E0-13B4E2C8EBF2}.Release|Any CPU.Build.0 = Release|Any CPU
	EndGlobalSection
	GlobalSection(SolutionProperties) = preSolution
		HideSolutionNode = FALSE
	EndGlobalSection
	GlobalSection(NestedProjects) = preSolution
		{29E6DBB5-4445-48AD-A681-E04E3F957B9B} = {4D52153A-127D-40E9-89E7-15644915A9EF}
		{A5BBB2C4-0F2E-4AF2-BCA6-C7639598E6AF} = {29E6DBB5-4445-48AD-A681-E04E3F957B9B}
		{7283FE9A-F444-4745-9161-708B805B32EA} = {A5BBB2C4-0F2E-4AF2-BCA6-C7639598E6AF}
		{476CCC1E-FDB2-4087-86CE-F07EF08AD6D9} = {29E6DBB5-4445-48AD-A681-E04E3F957B9B}
		{F9D5505A-BD14-47FD-B4D6-176E06C91FA4} = {476CCC1E-FDB2-4087-86CE-F07EF08AD6D9}
		{B9D23641-1D1A-4CA3-B36B-47C56321B8D9} = {4D52153A-127D-40E9-89E7-15644915A9EF}
		{22D89E81-EF65-46E0-8047-136F24E47347} = {B9D23641-1D1A-4CA3-B36B-47C56321B8D9}
		{A14C029E-5D53-49D6-B22C-ADC1BCA55D7B} = {02EA681E-C7D8-13C7-8484-4AC65E1B71E8}
		{13291765-78A7-4FF1-873F-CED60409DB6C} = {B9D23641-1D1A-4CA3-B36B-47C56321B8D9}
		{468927C1-B1D2-4435-BE5D-4BFC442375AC} = {02EA681E-C7D8-13C7-8484-4AC65E1B71E8}
	EndGlobalSection
	GlobalSection(ExtensibilityGlobals) = postSolution
		SolutionGuid = {73AAA6F8-CF13-49DE-92EB-70F19526BEB1}
	EndGlobalSection
EndGlobal
